
Microsoft Visual Studio Solution File, Format Version 11.00
# Visual Studio 2010
Project("{FAE04EC0-301F-11D3-BF4B-00C04F79EFBC}") = "Tabs", "Apps\Tabs\Tabs.csproj", "{B44A70C4-E33D-47B9-97E7-1E3E9ACC7D80}"
EndProject
Project("{FAE04EC0-301F-11D3-BF4B-00C04F79EFBC}") = "Desktop", "Apps\Desktop\Desktop.csproj", "{B9040E83-B29F-4D5F-8B3D-1A37875CFA46}"
EndProject
Project("{FAE04EC0-301F-11D3-BF4B-00C04F79EFBC}") = "MVC", "Apps\MVC\MVC.csproj", "{76DF65AC-89EC-4213-807F-E99C51685825}"
EndProject
Global
	GlobalSection(SolutionConfigurationPlatforms) = preSolution
		Debug|Any CPU = Debug|Any CPU
		Release|Any CPU = Release|Any CPU
	EndGlobalSection
	GlobalSection(ProjectConfigurationPlatforms) = postSolution
		{B44A70C4-E33D-47B9-97E7-1E3E9ACC7D80}.Debug|Any CPU.ActiveCfg = Debug|Any CPU
		{B44A70C4-E33D-47B9-97E7-1E3E9ACC7D80}.Debug|Any CPU.Build.0 = Debug|Any CPU
		{B44A70C4-E33D-47B9-97E7-1E3E9ACC7D80}.Release|Any CPU.ActiveCfg = Release|Any CPU
		{B44A70C4-E33D-47B9-97E7-1E3E9ACC7D80}.Release|Any CPU.Build.0 = Release|Any CPU
		{B9040E83-B29F-4D5F-8B3D-1A37875CFA46}.Debug|Any CPU.ActiveCfg = Debug|Any CPU
		{B9040E83-B29F-4D5F-8B3D-1A37875CFA46}.Debug|Any CPU.Build.0 = Debug|Any CPU
		{B9040E83-B29F-4D5F-8B3D-1A37875CFA46}.Release|Any CPU.ActiveCfg = Release|Any CPU
		{B9040E83-B29F-4D5F-8B3D-1A37875CFA46}.Release|Any CPU.Build.0 = Release|Any CPU
		{76DF65AC-89EC-4213-807F-E99C51685825}.Debug|Any CPU.ActiveCfg = Debug|Any CPU
		{76DF65AC-89EC-4213-807F-E99C51685825}.Debug|Any CPU.Build.0 = Debug|Any CPU
		{76DF65AC-89EC-4213-807F-E99C51685825}.Release|Any CPU.ActiveCfg = Release|Any CPU
		{76DF65AC-89EC-4213-807F-E99C51685825}.Release|Any CPU.Build.0 = Release|Any CPU
	EndGlobalSection
	GlobalSection(SolutionProperties) = preSolution
		HideSolutionNode = FALSE
	EndGlobalSection
EndGlobal
